
Microsoft Visual Studio Solution File, Format Version 12.00
# Visual Studio Version 16
VisualStudioVersion = 16.0.29025.244
MinimumVisualStudioVersion = 10.0.40219.1
Project("{FAE04EC0-301F-11D3-BF4B-00C04F79EFBC}") = "Battleships", "Battleships\Battleships.csproj", "{C2F5ADF2-AEEC-4C56-BE30-0B1B6EE450CA}"
EndProject
Global
	GlobalSection(SolutionConfigurationPlatforms) = preSolution
		Debug|Any CPU = Debug|Any CPU
		Release|Any CPU = Release|Any CPU
	EndGlobalSection
	GlobalSection(ProjectConfigurationPlatforms) = postSolution
		{C2F5ADF2-AEEC-4C56-BE30-0B1B6EE450CA}.Debug|Any CPU.ActiveCfg = Debug|Any CPU
		{C2F5ADF2-AEEC-4C56-BE30-0B1B6EE450CA}.Debug|Any CPU.Build.0 = Debug|Any CPU
		{C2F5ADF2-AEEC-4C56-BE30-0B1B6EE450CA}.Release|Any CPU.ActiveCfg = Release|Any CPU
		{C2F5ADF2-AEEC-4C56-BE30-0B1B6EE450CA}.Release|Any CPU.Build.0 = Release|Any CPU
	EndGlobalSection
	GlobalSection(SolutionProperties) = preSolution
		HideSolutionNode = FALSE
	EndGlobalSection
	GlobalSection(ExtensibilityGlobals) = postSolution
		SolutionGuid = {ABA3705A-D4A4-4013-BFD2-079788B1EEB5}
	EndGlobalSection
EndGlobal
